// !$*UTF8*$!
{
	archiveVersion = 1;
	classes = {
	};
	objectVersion = 52;
	objects = {

/* Begin PBXBuildFile section */
		FD73E8212484F4C90085D26B /* AppDelegate.swift in Sources */ = {isa = PBXBuildFile; fileRef = FD73E8202484F4C90085D26B /* AppDelegate.swift */; };
		FD73E8232484F4C90085D26B /* SceneDelegate.swift in Sources */ = {isa = PBXBuildFile; fileRef = FD73E8222484F4C90085D26B /* SceneDelegate.swift */; };
		FD73E8252484F4C90085D26B /* Home.swift in Sources */ = {isa = PBXBuildFile; fileRef = FD73E8242484F4C90085D26B /* Home.swift */; };
		FD73E8272484F4CA0085D26B /* Assets.xcassets in Resources */ = {isa = PBXBuildFile; fileRef = FD73E8262484F4CA0085D26B /* Assets.xcassets */; };
		FD73E82A2484F4CA0085D26B /* Preview Assets.xcassets in Resources */ = {isa = PBXBuildFile; fileRef = FD73E8292484F4CA0085D26B /* Preview Assets.xcassets */; };
		FD73E82D2484F4CA0085D26B /* LaunchScreen.storyboard in Resources */ = {isa = PBXBuildFile; fileRef = FD73E82B2484F4CA0085D26B /* LaunchScreen.storyboard */; };
		FD73E8362484F7080085D26B /* Apollo in Frameworks */ = {isa = PBXBuildFile; productRef = FD73E8352484F7080085D26B /* Apollo */; };
		FD73E8382484F7080085D26B /* ApolloCore in Frameworks */ = {isa = PBXBuildFile; productRef = FD73E8372484F7080085D26B /* ApolloCore */; };
		FD73E83A2484F7BC0085D26B /* Data.swift in Sources */ = {isa = PBXBuildFile; fileRef = FD73E8392484F7BC0085D26B /* Data.swift */; };
		FD73E83C2484F8A20085D26B /* Drink.swift in Sources */ = {isa = PBXBuildFile; fileRef = FD73E83B2484F8A20085D26B /* Drink.swift */; };
		FD73E83E2484F9640085D26B /* DrinkItem.swift in Sources */ = {isa = PBXBuildFile; fileRef = FD73E83D2484F9640085D26B /* DrinkItem.swift */; };
		FD73E8402484FA220085D26B /* drinks.json in Resources */ = {isa = PBXBuildFile; fileRef = FD73E83F2484FA220085D26B /* drinks.json */; };
		FD73E8422484FD020085D26B /* DrinkRow.swift in Sources */ = {isa = PBXBuildFile; fileRef = FD73E8412484FD020085D26B /* DrinkRow.swift */; };
		FD73E844248501D50085D26B /* DrinkDetail.swift in Sources */ = {isa = PBXBuildFile; fileRef = FD73E843248501D50085D26B /* DrinkDetail.swift */; };
		FD73E84A248510D60085D26B /* Rating.swift in Sources */ = {isa = PBXBuildFile; fileRef = FD73E849248510D60085D26B /* Rating.swift */; };
/* End PBXBuildFile section */

/* Begin PBXFileReference section */
		FD73E81D2484F4C90085D26B /* tail.app */ = {isa = PBXFileReference; explicitFileType = wrapper.application; includeInIndex = 0; path = tail.app; sourceTree = BUILT_PRODUCTS_DIR; };
		FD73E8202484F4C90085D26B /* AppDelegate.swift */ = {isa = PBXFileReference; lastKnownFileType = sourcecode.swift; path = AppDelegate.swift; sourceTree = "<group>"; };
		FD73E8222484F4C90085D26B /* SceneDelegate.swift */ = {isa = PBXFileReference; lastKnownFileType = sourcecode.swift; path = SceneDelegate.swift; sourceTree = "<group>"; };
		FD73E8242484F4C90085D26B /* Home.swift */ = {isa = PBXFileReference; lastKnownFileType = sourcecode.swift; path = Home.swift; sourceTree = "<group>"; };
		FD73E8262484F4CA0085D26B /* Assets.xcassets */ = {isa = PBXFileReference; lastKnownFileType = folder.assetcatalog; path = Assets.xcassets; sourceTree = "<group>"; };
		FD73E8292484F4CA0085D26B /* Preview Assets.xcassets */ = {isa = PBXFileReference; lastKnownFileType = folder.assetcatalog; path = "Preview Assets.xcassets"; sourceTree = "<group>"; };
		FD73E82C2484F4CA0085D26B /* Base */ = {isa = PBXFileReference; lastKnownFileType = file.storyboard; name = Base; path = Base.lproj/LaunchScreen.storyboard; sourceTree = "<group>"; };
		FD73E82E2484F4CA0085D26B /* Info.plist */ = {isa = PBXFileReference; lastKnownFileType = text.plist.xml; path = Info.plist; sourceTree = "<group>"; };
		FD73E8392484F7BC0085D26B /* Data.swift */ = {isa = PBXFileReference; lastKnownFileType = sourcecode.swift; path = Data.swift; sourceTree = "<group>"; };
		FD73E83B2484F8A20085D26B /* Drink.swift */ = {isa = PBXFileReference; lastKnownFileType = sourcecode.swift; path = Drink.swift; sourceTree = "<group>"; };
		FD73E83D2484F9640085D26B /* DrinkItem.swift */ = {isa = PBXFileReference; lastKnownFileType = sourcecode.swift; path = DrinkItem.swift; sourceTree = "<group>"; };
		FD73E83F2484FA220085D26B /* drinks.json */ = {isa = PBXFileReference; fileEncoding = 4; lastKnownFileType = text.json; path = drinks.json; sourceTree = "<group>"; };
		FD73E8412484FD020085D26B /* DrinkRow.swift */ = {isa = PBXFileReference; lastKnownFileType = sourcecode.swift; path = DrinkRow.swift; sourceTree = "<group>"; };
		FD73E843248501D50085D26B /* DrinkDetail.swift */ = {isa = PBXFileReference; lastKnownFileType = sourcecode.swift; path = DrinkDetail.swift; sourceTree = "<group>"; };
		FD73E849248510D60085D26B /* Rating.swift */ = {isa = PBXFileReference; lastKnownFileType = sourcecode.swift; path = Rating.swift; sourceTree = "<group>"; };
/* End PBXFileReference section */

/* Begin PBXFrameworksBuildPhase section */
		FD73E81A2484F4C90085D26B /* Frameworks */ = {
			isa = PBXFrameworksBuildPhase;
			buildActionMask = 2147483647;
			files = (
				FD73E8382484F7080085D26B /* ApolloCore in Frameworks */,
				FD73E8362484F7080085D26B /* Apollo in Frameworks */,
			);
			runOnlyForDeploymentPostprocessing = 0;
		};
/* End PBXFrameworksBuildPhase section */

/* Begin PBXGroup section */
		FD73E8142484F4C90085D26B = {
			isa = PBXGroup;
			children = (
				FD73E81F2484F4C90085D26B /* tail */,
				FD73E81E2484F4C90085D26B /* Products */,
			);
			sourceTree = "<group>";
		};
		FD73E81E2484F4C90085D26B /* Products */ = {
			isa = PBXGroup;
			children = (
				FD73E81D2484F4C90085D26B /* tail.app */,
			);
			name = Products;
			sourceTree = "<group>";
		};
		FD73E81F2484F4C90085D26B /* tail */ = {
			isa = PBXGroup;
			children = (
				FD73E848248509FA0085D26B /* data */,
				FD73E8202484F4C90085D26B /* AppDelegate.swift */,
				FD73E8222484F4C90085D26B /* SceneDelegate.swift */,
				FD73E846248507B50085D26B /* Models */,
				FD73E845248507AB0085D26B /* Views */,
				FD73E8262484F4CA0085D26B /* Assets.xcassets */,
				FD73E82B2484F4CA0085D26B /* LaunchScreen.storyboard */,
				FD73E82E2484F4CA0085D26B /* Info.plist */,
				FD73E8282484F4CA0085D26B /* Preview Content */,
			);
			path = tail;
			sourceTree = "<group>";
		};
		FD73E8282484F4CA0085D26B /* Preview Content */ = {
			isa = PBXGroup;
			children = (
				FD73E8292484F4CA0085D26B /* Preview Assets.xcassets */,
			);
			path = "Preview Content";
			sourceTree = "<group>";
		};
		FD73E845248507AB0085D26B /* Views */ = {
			isa = PBXGroup;
			children = (
				FD73E8472485093C0085D26B /* Home */,
				FD73E843248501D50085D26B /* DrinkDetail.swift */,
				FD73E83D2484F9640085D26B /* DrinkItem.swift */,
				FD73E8412484FD020085D26B /* DrinkRow.swift */,
				FD73E849248510D60085D26B /* Rating.swift */,
			);
			path = Views;
			sourceTree = "<group>";
		};
		FD73E846248507B50085D26B /* Models */ = {
			isa = PBXGroup;
			children = (
				FD73E8392484F7BC0085D26B /* Data.swift */,
				FD73E83B2484F8A20085D26B /* Drink.swift */,
			);
			path = Models;
			sourceTree = "<group>";
		};
		FD73E8472485093C0085D26B /* Home */ = {
			isa = PBXGroup;
			children = (
				FD73E8242484F4C90085D26B /* Home.swift */,
			);
			path = Home;
			sourceTree = "<group>";
		};
		FD73E848248509FA0085D26B /* data */ = {
			isa = PBXGroup;
			children = (
				FD73E83F2484FA220085D26B /* drinks.json */,
			);
			path = data;
			sourceTree = "<group>";
		};
/* End PBXGroup section */

/* Begin PBXNativeTarget section */
		FD73E81C2484F4C90085D26B /* tail */ = {
			isa = PBXNativeTarget;
			buildConfigurationList = FD73E8312484F4CA0085D26B /* Build configuration list for PBXNativeTarget "tail" */;
			buildPhases = (
				FD73E8192484F4C90085D26B /* Sources */,
				FD73E81A2484F4C90085D26B /* Frameworks */,
				FD73E81B2484F4C90085D26B /* Resources */,
			);
			buildRules = (
			);
			dependencies = (
			);
			name = tail;
			packageProductDependencies = (
				FD73E8352484F7080085D26B /* Apollo */,
				FD73E8372484F7080085D26B /* ApolloCore */,
			);
			productName = tail;
			productReference = FD73E81D2484F4C90085D26B /* tail.app */;
			productType = "com.apple.product-type.application";
		};
/* End PBXNativeTarget section */

/* Begin PBXProject section */
		FD73E8152484F4C90085D26B /* Project object */ = {
			isa = PBXProject;
			attributes = {
				LastSwiftUpdateCheck = 1150;
				LastUpgradeCheck = 1150;
				ORGANIZATIONNAME = "Jack Allen";
				TargetAttributes = {
					FD73E81C2484F4C90085D26B = {
						CreatedOnToolsVersion = 11.5;
					};
				};
			};
			buildConfigurationList = FD73E8182484F4C90085D26B /* Build configuration list for PBXProject "tail" */;
			compatibilityVersion = "Xcode 9.3";
			developmentRegion = en;
			hasScannedForEncodings = 0;
			knownRegions = (
				en,
				Base,
			);
			mainGroup = FD73E8142484F4C90085D26B;
			packageReferences = (
				FD73E8342484F7080085D26B /* XCRemoteSwiftPackageReference "apollo-ios" */,
			);
			productRefGroup = FD73E81E2484F4C90085D26B /* Products */;
			projectDirPath = "";
			projectRoot = "";
			targets = (
				FD73E81C2484F4C90085D26B /* tail */,
			);
		};
/* End PBXProject section */

/* Begin PBXResourcesBuildPhase section */
		FD73E81B2484F4C90085D26B /* Resources */ = {
			isa = PBXResourcesBuildPhase;
			buildActionMask = 2147483647;
			files = (
				FD73E82D2484F4CA0085D26B /* LaunchScreen.storyboard in Resources */,
				FD73E82A2484F4CA0085D26B /* Preview Assets.xcassets in Resources */,
				FD73E8402484FA220085D26B /* drinks.json in Resources */,
				FD73E8272484F4CA0085D26B /* Assets.xcassets in Resources */,
			);
			runOnlyForDeploymentPostprocessing = 0;
		};
/* End PBXResourcesBuildPhase section */

/* Begin PBXSourcesBuildPhase section */
		FD73E8192484F4C90085D26B /* Sources */ = {
			isa = PBXSourcesBuildPhase;
			buildActionMask = 2147483647;
			files = (
				FD73E8212484F4C90085D26B /* AppDelegate.swift in Sources */,
				FD73E8232484F4C90085D26B /* SceneDelegate.swift in Sources */,
				FD73E8422484FD020085D26B /* DrinkRow.swift in Sources */,
				FD73E8252484F4C90085D26B /* Home.swift in Sources */,
				FD73E83C2484F8A20085D26B /* Drink.swift in Sources */,
				FD73E83A2484F7BC0085D26B /* Data.swift in Sources */,
				FD73E84A248510D60085D26B /* Rating.swift in Sources */,
				FD73E83E2484F9640085D26B /* DrinkItem.swift in Sources */,
				FD73E844248501D50085D26B /* DrinkDetail.swift in Sources */,
			);
			runOnlyForDeploymentPostprocessing = 0;
		};
/* End PBXSourcesBuildPhase section */

/* Begin PBXVariantGroup section */
		FD73E82B2484F4CA0085D26B /* LaunchScreen.storyboard */ = {
			isa = PBXVariantGroup;
			children = (
				FD73E82C2484F4CA0085D26B /* Base */,
			);
			name = LaunchScreen.storyboard;
			sourceTree = "<group>";
		};
/* End PBXVariantGroup section */

/* Begin XCBuildConfiguration section */
		FD73E82F2484F4CA0085D26B /* Debug */ = {
			isa = XCBuildConfiguration;
			buildSettings = {
				ALWAYS_SEARCH_USER_PATHS = NO;
				CLANG_ANALYZER_NONNULL = YES;
				CLANG_ANALYZER_NUMBER_OBJECT_CONVERSION = YES_AGGRESSIVE;
				CLANG_CXX_LANGUAGE_STANDARD = "gnu++14";
				CLANG_CXX_LIBRARY = "libc++";
				CLANG_ENABLE_MODULES = YES;
				CLANG_ENABLE_OBJC_ARC = YES;
				CLANG_ENABLE_OBJC_WEAK = YES;
				CLANG_WARN_BLOCK_CAPTURE_AUTORELEASING = YES;
				CLANG_WARN_BOOL_CONVERSION = YES;
				CLANG_WARN_COMMA = YES;
				CLANG_WARN_CONSTANT_CONVERSION = YES;
				CLANG_WARN_DEPRECATED_OBJC_IMPLEMENTATIONS = YES;
				CLANG_WARN_DIRECT_OBJC_ISA_USAGE = YES_ERROR;
				CLANG_WARN_DOCUMENTATION_COMMENTS = YES;
				CLANG_WARN_EMPTY_BODY = YES;
				CLANG_WARN_ENUM_CONVERSION = YES;
				CLANG_WARN_INFINITE_RECURSION = YES;
				CLANG_WARN_INT_CONVERSION = YES;
				CLANG_WARN_NON_LITERAL_NULL_CONVERSION = YES;
				CLANG_WARN_OBJC_IMPLICIT_RETAIN_SELF = YES;
				CLANG_WARN_OBJC_LITERAL_CONVERSION = YES;
				CLANG_WARN_OBJC_ROOT_CLASS = YES_ERROR;
				CLANG_WARN_RANGE_LOOP_ANALYSIS = YES;
				CLANG_WARN_STRICT_PROTOTYPES = YES;
				CLANG_WARN_SUSPICIOUS_MOVE = YES;
				CLANG_WARN_UNGUARDED_AVAILABILITY = YES_AGGRESSIVE;
				CLANG_WARN_UNREACHABLE_CODE = YES;
				CLANG_WARN__DUPLICATE_METHOD_MATCH = YES;
				COPY_PHASE_STRIP = NO;
				DEBUG_INFORMATION_FORMAT = dwarf;
				ENABLE_STRICT_OBJC_MSGSEND = YES;
				ENABLE_TESTABILITY = YES;
				GCC_C_LANGUAGE_STANDARD = gnu11;
				GCC_DYNAMIC_NO_PIC = NO;
				GCC_NO_COMMON_BLOCKS = YES;
				GCC_OPTIMIZATION_LEVEL = 0;
				GCC_PREPROCESSOR_DEFINITIONS = (
					"DEBUG=1",
					"$(inherited)",
				);
				GCC_WARN_64_TO_32_BIT_CONVERSION = YES;
				GCC_WARN_ABOUT_RETURN_TYPE = YES_ERROR;
				GCC_WARN_UNDECLARED_SELECTOR = YES;
				GCC_WARN_UNINITIALIZED_AUTOS = YES_AGGRESSIVE;
				GCC_WARN_UNUSED_FUNCTION = YES;
				GCC_WARN_UNUSED_VARIABLE = YES;
				IPHONEOS_DEPLOYMENT_TARGET = 13.4;
				MTL_ENABLE_DEBUG_INFO = INCLUDE_SOURCE;
				MTL_FAST_MATH = YES;
				ONLY_ACTIVE_ARCH = YES;
				SDKROOT = iphoneos;
				SWIFT_ACTIVE_COMPILATION_CONDITIONS = DEBUG;
				SWIFT_OPTIMIZATION_LEVEL = "-Onone";
			};
			name = Debug;
		};
		FD73E8302484F4CA0085D26B /* Release */ = {
			isa = XCBuildConfiguration;
			buildSettings = {
				ALWAYS_SEARCH_USER_PATHS = NO;
				CLANG_ANALYZER_NONNULL = YES;
				CLANG_ANALYZER_NUMBER_OBJECT_CONVERSION = YES_AGGRESSIVE;
				CLANG_CXX_LANGUAGE_STANDARD = "gnu++14";
				CLANG_CXX_LIBRARY = "libc++";
				CLANG_ENABLE_MODULES = YES;
				CLANG_ENABLE_OBJC_ARC = YES;
				CLANG_ENABLE_OBJC_WEAK = YES;
				CLANG_WARN_BLOCK_CAPTURE_AUTORELEASING = YES;
				CLANG_WARN_BOOL_CONVERSION = YES;
				CLANG_WARN_COMMA = YES;
				CLANG_WARN_CONSTANT_CONVERSION = YES;
				CLANG_WARN_DEPRECATED_OBJC_IMPLEMENTATIONS = YES;
				CLANG_WARN_DIRECT_OBJC_ISA_USAGE = YES_ERROR;
				CLANG_WARN_DOCUMENTATION_COMMENTS = YES;
				CLANG_WARN_EMPTY_BODY = YES;
				CLANG_WARN_ENUM_CONVERSION = YES;
				CLANG_WARN_INFINITE_RECURSION = YES;
				CLANG_WARN_INT_CONVERSION = YES;
				CLANG_WARN_NON_LITERAL_NULL_CONVERSION = YES;
				CLANG_WARN_OBJC_IMPLICIT_RETAIN_SELF = YES;
				CLANG_WARN_OBJC_LITERAL_CONVERSION = YES;
				CLANG_WARN_OBJC_ROOT_CLASS = YES_ERROR;
				CLANG_WARN_RANGE_LOOP_ANALYSIS = YES;
				CLANG_WARN_STRICT_PROTOTYPES = YES;
				CLANG_WARN_SUSPICIOUS_MOVE = YES;
				CLANG_WARN_UNGUARDED_AVAILABILITY = YES_AGGRESSIVE;
				CLANG_WARN_UNREACHABLE_CODE = YES;
				CLANG_WARN__DUPLICATE_METHOD_MATCH = YES;
				COPY_PHASE_STRIP = NO;
				DEBUG_INFORMATION_FORMAT = "dwarf-with-dsym";
				ENABLE_NS_ASSERTIONS = NO;
				ENABLE_STRICT_OBJC_MSGSEND = YES;
				GCC_C_LANGUAGE_STANDARD = gnu11;
				GCC_NO_COMMON_BLOCKS = YES;
				GCC_WARN_64_TO_32_BIT_CONVERSION = YES;
				GCC_WARN_ABOUT_RETURN_TYPE = YES_ERROR;
				GCC_WARN_UNDECLARED_SELECTOR = YES;
				GCC_WARN_UNINITIALIZED_AUTOS = YES_AGGRESSIVE;
				GCC_WARN_UNUSED_FUNCTION = YES;
				GCC_WARN_UNUSED_VARIABLE = YES;
				IPHONEOS_DEPLOYMENT_TARGET = 13.4;
				MTL_ENABLE_DEBUG_INFO = NO;
				MTL_FAST_MATH = YES;
				SDKROOT = iphoneos;
				SWIFT_COMPILATION_MODE = wholemodule;
				SWIFT_OPTIMIZATION_LEVEL = "-O";
				VALIDATE_PRODUCT = YES;
			};
			name = Release;
		};
		FD73E8322484F4CA0085D26B /* Debug */ = {
			isa = XCBuildConfiguration;
			buildSettings = {
				ASSETCATALOG_COMPILER_APPICON_NAME = AppIcon;
				CODE_SIGN_STYLE = Automatic;
				DEVELOPMENT_ASSET_PATHS = "\"tail/Preview Content\"";
				DEVELOPMENT_TEAM = 6F84B4NKAW;
				ENABLE_PREVIEWS = YES;
				INFOPLIST_FILE = tail/Info.plist;
				LD_RUNPATH_SEARCH_PATHS = (
					"$(inherited)",
					"@executable_path/Frameworks",
				);
				PRODUCT_BUNDLE_IDENTIFIER = jackallenltd.tail;
				PRODUCT_NAME = "$(TARGET_NAME)";
				SWIFT_VERSION = 5.0;
				TARGETED_DEVICE_FAMILY = "1,2";
			};
			name = Debug;
		};
		FD73E8332484F4CA0085D26B /* Release */ = {
			isa = XCBuildConfiguration;
			buildSettings = {
				ASSETCATALOG_COMPILER_APPICON_NAME = AppIcon;
				CODE_SIGN_STYLE = Automatic;
				DEVELOPMENT_ASSET_PATHS = "\"tail/Preview Content\"";
				DEVELOPMENT_TEAM = 6F84B4NKAW;
				ENABLE_PREVIEWS = YES;
				INFOPLIST_FILE = tail/Info.plist;
				LD_RUNPATH_SEARCH_PATHS = (
					"$(inherited)",
					"@executable_path/Frameworks",
				);
				PRODUCT_BUNDLE_IDENTIFIER = jackallenltd.tail;
				PRODUCT_NAME = "$(TARGET_NAME)";
				SWIFT_VERSION = 5.0;
				TARGETED_DEVICE_FAMILY = "1,2";
			};
			name = Release;
		};
/* End XCBuildConfiguration section */

/* Begin XCConfigurationList section */
		FD73E8182484F4C90085D26B /* Build configuration list for PBXProject "tail" */ = {
			isa = XCConfigurationList;
			buildConfigurations = (
				FD73E82F2484F4CA0085D26B /* Debug */,
				FD73E8302484F4CA0085D26B /* Release */,
			);
			defaultConfigurationIsVisible = 0;
			defaultConfigurationName = Release;
		};
		FD73E8312484F4CA0085D26B /* Build configuration list for PBXNativeTarget "tail" */ = {
			isa = XCConfigurationList;
			buildConfigurations = (
				FD73E8322484F4CA0085D26B /* Debug */,
				FD73E8332484F4CA0085D26B /* Release */,
			);
			defaultConfigurationIsVisible = 0;
			defaultConfigurationName = Release;
		};
/* End XCConfigurationList section */

/* Begin XCRemoteSwiftPackageReference section */
		FD73E8342484F7080085D26B /* XCRemoteSwiftPackageReference "apollo-ios" */ = {
			isa = XCRemoteSwiftPackageReference;
			repositoryURL = "https://github.com/apollographql/apollo-ios.git";
			requirement = {
				kind = upToNextMinorVersion;
				minimumVersion = 0.28.0;
			};
		};
/* End XCRemoteSwiftPackageReference section */

/* Begin XCSwiftPackageProductDependency section */
		FD73E8352484F7080085D26B /* Apollo */ = {
			isa = XCSwiftPackageProductDependency;
			package = FD73E8342484F7080085D26B /* XCRemoteSwiftPackageReference "apollo-ios" */;
			productName = Apollo;
		};
		FD73E8372484F7080085D26B /* ApolloCore */ = {
			isa = XCSwiftPackageProductDependency;
			package = FD73E8342484F7080085D26B /* XCRemoteSwiftPackageReference "apollo-ios" */;
			productName = ApolloCore;
		};
/* End XCSwiftPackageProductDependency section */
	};
	rootObject = FD73E8152484F4C90085D26B /* Project object */;
}
